
Microsoft Visual Studio Solution File, Format Version 12.00
# Visual Studio Version 17
VisualStudioVersion = 17.0.31903.59
MinimumVisualStudioVersion = 10.0.40219.1
Project("{2150E333-8FDC-42A3-9474-1A3956D46DE8}") = "src", "src", "{827E0CD3-B72D-47B6-A68D-7590B98EB39B}"
EndProject
Project("{FAE04EC0-301F-11D3-BF4B-00C04F79EFBC}") = "MkvAudioSwap.Core", "src\MkvAudioSwap.Core\MkvAudioSwap.Core.csproj", "{223EFA6B-3A9E-43EC-99ED-45BE62E37568}"
EndProject
Project("{FAE04EC0-301F-11D3-BF4B-00C04F79EFBC}") = "MkvAudioSwap.App", "src\MkvAudioSwap.App\MkvAudioSwap.App.csproj", "{CBECCD5E-0326-425C-9318-B45BCADCAA2A}"
EndProject
Project("{FAE04EC0-301F-11D3-BF4B-00C04F79EFBC}") = "MkvAudioSwap.Tests", "tests\MkvAudioSwap.Tests\MkvAudioSwap.Tests.csproj", "{67DA2754-82C0-4A38-A8CA-53393A0253C3}"
EndProject
Global
	GlobalSection(SolutionConfigurationPlatforms) = preSolution
		Debug|Any CPU = Debug|Any CPU
		Debug|x64 = Debug|x64
		Debug|x86 = Debug|x86
		Release|Any CPU = Release|Any CPU
		Release|x64 = Release|x64
		Release|x86 = Release|x86
	EndGlobalSection
	GlobalSection(ProjectConfigurationPlatforms) = postSolution
		{223EFA6B-3A9E-43EC-99ED-45BE62E37568}.Debug|Any CPU.ActiveCfg = Debug|Any CPU
		{223EFA6B-3A9E-43EC-99ED-45BE62E37568}.Debug|Any CPU.Build.0 = Debug|Any CPU
		{223EFA6B-3A9E-43EC-99ED-45BE62E37568}.Debug|x64.ActiveCfg = Debug|Any CPU
		{223EFA6B-3A9E-43EC-99ED-45BE62E37568}.Debug|x64.Build.0 = Debug|Any CPU
		{223EFA6B-3A9E-43EC-99ED-45BE62E37568}.Debug|x86.ActiveCfg = Debug|Any CPU
		{223EFA6B-3A9E-43EC-99ED-45BE62E37568}.Debug|x86.Build.0 = Debug|Any CPU
		{223EFA6B-3A9E-43EC-99ED-45BE62E37568}.Release|Any CPU.ActiveCfg = Release|Any CPU
		{223EFA6B-3A9E-43EC-99ED-45BE62E37568}.Release|Any CPU.Build.0 = Release|Any CPU
		{223EFA6B-3A9E-43EC-99ED-45BE62E37568}.Release|x64.ActiveCfg = Release|Any CPU
		{223EFA6B-3A9E-43EC-99ED-45BE62E37568}.Release|x64.Build.0 = Release|Any CPU
		{223EFA6B-3A9E-43EC-99ED-45BE62E37568}.Release|x86.ActiveCfg = Release|Any CPU
		{223EFA6B-3A9E-43EC-99ED-45BE62E37568}.Release|x86.Build.0 = Release|Any CPU
		{CBECCD5E-0326-425C-9318-B45BCADCAA2A}.Debug|Any CPU.ActiveCfg = Debug|Any CPU
		{CBECCD5E-0326-425C-9318-B45BCADCAA2A}.Debug|Any CPU.Build.0 = Debug|Any CPU
		{CBECCD5E-0326-425C-9318-B45BCADCAA2A}.Debug|x64.ActiveCfg = Debug|Any CPU
		{CBECCD5E-0326-425C-9318-B45BCADCAA2A}.Debug|x64.Build.0 = Debug|Any CPU
		{CBECCD5E-0326-425C-9318-B45BCADCAA2A}.Debug|x86.ActiveCfg = Debug|Any CPU
		{CBECCD5E-0326-425C-9318-B45BCADCAA2A}.Debug|x86.Build.0 = Debug|Any CPU
		{CBECCD5E-0326-425C-9318-B45BCADCAA2A}.Release|Any CPU.ActiveCfg = Release|Any CPU
		{CBECCD5E-0326-425C-9318-B45BCADCAA2A}.Release|Any CPU.Build.0 = Release|Any CPU
		{CBECCD5E-0326-425C-9318-B45BCADCAA2A}.Release|x64.ActiveCfg = Release|Any CPU
		{CBECCD5E-0326-425C-9318-B45BCADCAA2A}.Release|x64.Build.0 = Release|Any CPU
		{CBECCD5E-0326-425C-9318-B45BCADCAA2A}.Release|x86.ActiveCfg = Release|Any CPU
		{CBECCD5E-0326-425C-9318-B45BCADCAA2A}.Release|x86.Build.0 = Release|Any CPU
		{67DA2754-82C0-4A38-A8CA-53393A0253C3}.Debug|Any CPU.ActiveCfg = Debug|Any CPU
		{67DA2754-82C0-4A38-A8CA-53393A0253C3}.Debug|Any CPU.Build.0 = Debug|Any CPU
		{67DA2754-82C0-4A38-A8CA-53393A0253C3}.Debug|x64.ActiveCfg = Debug|Any CPU
		{67DA2754-82C0-4A38-A8CA-53393A0253C3}.Debug|x64.Build.0 = Debug|Any CPU
		{67DA2754-82C0-4A38-A8CA-53393A0253C3}.Debug|x86.ActiveCfg = Debug|Any CPU
		{67DA2754-82C0-4A38-A8CA-53393A0253C3}.Debug|x86.Build.0 = Debug|Any CPU
		{67DA2754-82C0-4A38-A8CA-53393A0253C3}.Release|Any CPU.ActiveCfg = Release|Any CPU
		{67DA2754-82C0-4A38-A8CA-53393A0253C3}.Release|Any CPU.Build.0 = Release|Any CPU
		{67DA2754-82C0-4A38-A8CA-53393A0253C3}.Release|x64.ActiveCfg = Release|Any CPU
		{67DA2754-82C0-4A38-A8CA-53393A0253C3}.Release|x64.Build.0 = Release|Any CPU
		{67DA2754-82C0-4A38-A8CA-53393A0253C3}.Release|x86.ActiveCfg = Release|Any CPU
		{67DA2754-82C0-4A38-A8CA-53393A0253C3}.Release|x86.Build.0 = Release|Any CPU
	EndGlobalSection
	GlobalSection(SolutionProperties) = preSolution
		HideSolutionNode = FALSE
	EndGlobalSection
	GlobalSection(NestedProjects) = preSolution
		{223EFA6B-3A9E-43EC-99ED-45BE62E37568} = {827E0CD3-B72D-47B6-A68D-7590B98EB39B}
		{CBECCD5E-0326-425C-9318-B45BCADCAA2A} = {827E0CD3-B72D-47B6-A68D-7590B98EB39B}
		{67DA2754-82C0-4A38-A8CA-53393A0253C3} = {827E0CD3-B72D-47B6-A68D-7590B98EB39B}
	EndGlobalSection
EndGlobal
